
Microsoft Visual Studio Solution File, Format Version 12.00
# Visual Studio Version 17
VisualStudioVersion = 17.6.33829.357
MinimumVisualStudioVersion = 10.0.40219.1
Project("{9A19103F-16F7-4668-BE54-9A1E7A4F7556}") = "Backoffice.API", "Backoffice.API\Backoffice.API.csproj", "{CC5CDFFA-B992-4189-B8FD-10C2F58520FC}"
EndProject
Project("{9A19103F-16F7-4668-BE54-9A1E7A4F7556}") = "Backoffice.Domain", "Backoffice.Domain\Backoffice.Domain.csproj", "{6FD4606D-D25B-44FA-BC09-61234081A25E}"
EndProject
Project("{9A19103F-16F7-4668-BE54-9A1E7A4F7556}") = "Backoffice.Infra", "Backoffice.Infra\Backoffice.Infra.csproj", "{B3B4E3BB-48B9-4117-BE43-3CEB9D89860F}"
EndProject
Project("{9A19103F-16F7-4668-BE54-9A1E7A4F7556}") = "Backoffice.Application", "Backoffice.Application\Backoffice.Application.csproj", "{3D1E5ED4-CD53-451C-8FB4-C7BE1C0ED2EE}"
EndProject
Project("{FAE04EC0-301F-11D3-BF4B-00C04F79EFBC}") = "Backoffice.Tests", "Backoffice.Tests\Backoffice.Tests.csproj", "{009C89B0-8AB0-4D62-BA4C-783ACBE91900}"
EndProject
Global
	GlobalSection(SolutionConfigurationPlatforms) = preSolution
		Debug|Any CPU = Debug|Any CPU
		Release|Any CPU = Release|Any CPU
	EndGlobalSection
	GlobalSection(ProjectConfigurationPlatforms) = postSolution
		{CC5CDFFA-B992-4189-B8FD-10C2F58520FC}.Debug|Any CPU.ActiveCfg = Debug|Any CPU
		{CC5CDFFA-B992-4189-B8FD-10C2F58520FC}.Debug|Any CPU.Build.0 = Debug|Any CPU
		{CC5CDFFA-B992-4189-B8FD-10C2F58520FC}.Release|Any CPU.ActiveCfg = Release|Any CPU
		{CC5CDFFA-B992-4189-B8FD-10C2F58520FC}.Release|Any CPU.Build.0 = Release|Any CPU
		{6FD4606D-D25B-44FA-BC09-61234081A25E}.Debug|Any CPU.ActiveCfg = Debug|Any CPU
		{6FD4606D-D25B-44FA-BC09-61234081A25E}.Debug|Any CPU.Build.0 = Debug|Any CPU
		{6FD4606D-D25B-44FA-BC09-61234081A25E}.Release|Any CPU.ActiveCfg = Release|Any CPU
		{6FD4606D-D25B-44FA-BC09-61234081A25E}.Release|Any CPU.Build.0 = Release|Any CPU
		{B3B4E3BB-48B9-4117-BE43-3CEB9D89860F}.Debug|Any CPU.ActiveCfg = Debug|Any CPU
		{B3B4E3BB-48B9-4117-BE43-3CEB9D89860F}.Debug|Any CPU.Build.0 = Debug|Any CPU
		{B3B4E3BB-48B9-4117-BE43-3CEB9D89860F}.Release|Any CPU.ActiveCfg = Release|Any CPU
		{B3B4E3BB-48B9-4117-BE43-3CEB9D89860F}.Release|Any CPU.Build.0 = Release|Any CPU
		{3D1E5ED4-CD53-451C-8FB4-C7BE1C0ED2EE}.Debug|Any CPU.ActiveCfg = Debug|Any CPU
		{3D1E5ED4-CD53-451C-8FB4-C7BE1C0ED2EE}.Debug|Any CPU.Build.0 = Debug|Any CPU
		{3D1E5ED4-CD53-451C-8FB4-C7BE1C0ED2EE}.Release|Any CPU.ActiveCfg = Release|Any CPU
		{3D1E5ED4-CD53-451C-8FB4-C7BE1C0ED2EE}.Release|Any CPU.Build.0 = Release|Any CPU
		{009C89B0-8AB0-4D62-BA4C-783ACBE91900}.Debug|Any CPU.ActiveCfg = Debug|Any CPU
		{009C89B0-8AB0-4D62-BA4C-783ACBE91900}.Debug|Any CPU.Build.0 = Debug|Any CPU
		{009C89B0-8AB0-4D62-BA4C-783ACBE91900}.Release|Any CPU.ActiveCfg = Release|Any CPU
		{009C89B0-8AB0-4D62-BA4C-783ACBE91900}.Release|Any CPU.Build.0 = Release|Any CPU
	EndGlobalSection
	GlobalSection(SolutionProperties) = preSolution
		HideSolutionNode = FALSE
	EndGlobalSection
	GlobalSection(ExtensibilityGlobals) = postSolution
		SolutionGuid = {512B2EA7-7837-44ED-A12D-5E579D217769}
	EndGlobalSection
EndGlobal
